hash: 35d82ead4468b35c0dfba20b59fbcf97aee58e84580b803b1ecfeab4b88195f6
updated: 2019-07-05T17:04:09.21606994+02:00
imports:
- name: github.com/google/uuid
  version: 0cd6bf5da1e1c83f8b45653022c74f71af0538a4
- name: github.com/inconshreveable/mousetrap
  version: 76626ae9c91c4f2a10f34cad8ce83ea42c93bb75
- name: github.com/pkg/errors
  version: 27936f6d90f9c8e1145f11ed52ffffbfdb9e0af7
- name: github.com/spf13/cobra
  version: f2b07da1e2c38d5f12845a4f607e2e1018cbb1f5
  subpackages:
  - cobra
- name: github.com/spf13/pflag
  version: 298182f68c66c05229eb03ac171abe6e309ee79a
- name: pack.ag/amqp
  version: 279d72ee259701e0e0e58d98a52a82ba172a2f5f
  subpackages:
  - internal/testconn
testImports: []
